
Microsoft Visual Studio Solution File, Format Version 12.00
# Visual Studio Version 16
VisualStudioVersion = 16.0.29519.181
MinimumVisualStudioVersion = 10.0.40219.1
Project("{FAE04EC0-301F-11D3-BF4B-00C04F79EFBC}") = "PublisherAndSubscribers", "PublisherAndSubscribers\PublisherAndSubscribers.csproj", "{32AA5419-6897-4E36-9E6D-5E14A326A474}"
EndProject
Global
	GlobalSection(SolutionConfigurationPlatforms) = preSolution
		Debug|Any CPU = Debug|Any CPU
		Release|Any CPU = Release|Any CPU
	EndGlobalSection
	GlobalSection(ProjectConfigurationPlatforms) = postSolution
		{32AA5419-6897-4E36-9E6D-5E14A326A474}.Debug|Any CPU.ActiveCfg = Debug|Any CPU
		{32AA5419-6897-4E36-9E6D-5E14A326A474}.Debug|Any CPU.Build.0 = Debug|Any CPU
		{32AA5419-6897-4E36-9E6D-5E14A326A474}.Release|Any CPU.ActiveCfg = Release|Any CPU
		{32AA5419-6897-4E36-9E6D-5E14A326A474}.Release|Any CPU.Build.0 = Release|Any CPU
	EndGlobalSection
	GlobalSection(SolutionProperties) = preSolution
		HideSolutionNode = FALSE
	EndGlobalSection
	GlobalSection(ExtensibilityGlobals) = postSolution
		SolutionGuid = {05ECADA4-5743-42A8-A0D0-764FADAA7E53}
	EndGlobalSection
EndGlobal
