
Microsoft Visual Studio Solution File, Format Version 12.00
# Visual Studio Version 16
VisualStudioVersion = 16.0.29519.181
MinimumVisualStudioVersion = 10.0.40219.1
Project("{FAE04EC0-301F-11D3-BF4B-00C04F79EFBC}") = "POO-Rational", "POO-Rational\POO-Rational.csproj", "{7F94BF0E-CD29-420D-B3AE-01212DE7DE82}"
EndProject
Global
	GlobalSection(SolutionConfigurationPlatforms) = preSolution
		Debug|Any CPU = Debug|Any CPU
		Release|Any CPU = Release|Any CPU
	EndGlobalSection
	GlobalSection(ProjectConfigurationPlatforms) = postSolution
		{7F94BF0E-CD29-420D-B3AE-01212DE7DE82}.Debug|Any CPU.ActiveCfg = Debug|Any CPU
		{7F94BF0E-CD29-420D-B3AE-01212DE7DE82}.Debug|Any CPU.Build.0 = Debug|Any CPU
		{7F94BF0E-CD29-420D-B3AE-01212DE7DE82}.Release|Any CPU.ActiveCfg = Release|Any CPU
		{7F94BF0E-CD29-420D-B3AE-01212DE7DE82}.Release|Any CPU.Build.0 = Release|Any CPU
	EndGlobalSection
	GlobalSection(SolutionProperties) = preSolution
		HideSolutionNode = FALSE
	EndGlobalSection
	GlobalSection(ExtensibilityGlobals) = postSolution
		SolutionGuid = {46800996-D976-4159-9350-76B4399D4D47}
	EndGlobalSection
EndGlobal
